
Microsoft Visual Studio Solution File, Format Version 12.00
# Visual Studio Version 16
VisualStudioVersion = 16.0.30204.135
MinimumVisualStudioVersion = 10.0.40219.1
Project("{FAE04EC0-301F-11D3-BF4B-00C04F79EFBC}") = "WebApplication31", "WebApplication31\WebApplication31.csproj", "{E040A1F6-A7F8-458B-8310-7C8071023023}"
EndProject
Global
	GlobalSection(SolutionConfigurationPlatforms) = preSolution
		Debug|Any CPU = Debug|Any CPU
		Release|Any CPU = Release|Any CPU
	EndGlobalSection
	GlobalSection(ProjectConfigurationPlatforms) = postSolution
		{E040A1F6-A7F8-458B-8310-7C8071023023}.Debug|Any CPU.ActiveCfg = Debug|Any CPU
		{E040A1F6-A7F8-458B-8310-7C8071023023}.Debug|Any CPU.Build.0 = Debug|Any CPU
		{E040A1F6-A7F8-458B-8310-7C8071023023}.Release|Any CPU.ActiveCfg = Release|Any CPU
		{E040A1F6-A7F8-458B-8310-7C8071023023}.Release|Any CPU.Build.0 = Release|Any CPU
	EndGlobalSection
	GlobalSection(SolutionProperties) = preSolution
		HideSolutionNode = FALSE
	EndGlobalSection
	GlobalSection(ExtensibilityGlobals) = postSolution
		SolutionGuid = {5F0649B0-3B89-4E5A-8CCA-1797DD1CAFBF}
	EndGlobalSection
EndGlobal
