
Microsoft Visual Studio Solution File, Format Version 12.00
# Visual Studio Version 16
VisualStudioVersion = 16.0.30204.135
MinimumVisualStudioVersion = 10.0.40219.1
Project("{FAE04EC0-301F-11D3-BF4B-00C04F79EFBC}") = "WebApplication31", "WebApplication31\WebApplication31.csproj", "{E040A1F6-A7F8-458B-8310-7C8071023023}"
EndProject
Project("{FAE04EC0-301F-11D3-BF4B-00C04F79EFBC}") = "WebApplication22", "WebApplication22\WebApplication22.csproj", "{C696357A-2151-44F2-AA0B-3D023447A2FF}"
EndProject
Project("{FAE04EC0-301F-11D3-BF4B-00C04F79EFBC}") = "ApplicationInsightsTelemetryEnhancer22", "ApplicationInsightsTelemetryEnhancer22\ApplicationInsightsTelemetryEnhancer22.csproj", "{93E7609E-BE0B-4014-B4FF-3A7DF5CDAF4C}"
EndProject
Project("{FAE04EC0-301F-11D3-BF4B-00C04F79EFBC}") = "ApplicationInsightsTelemetryEnhancer31", "ApplicationInsightsTelemetryEnhancer31\ApplicationInsightsTelemetryEnhancer31.csproj", "{00BFA098-0B8C-44FD-AD9A-CB24086C8CBE}"
EndProject
Global
	GlobalSection(SolutionConfigurationPlatforms) = preSolution
		Debug|Any CPU = Debug|Any CPU
		Release|Any CPU = Release|Any CPU
	EndGlobalSection
	GlobalSection(ProjectConfigurationPlatforms) = postSolution
		{E040A1F6-A7F8-458B-8310-7C8071023023}.Debug|Any CPU.ActiveCfg = Debug|Any CPU
		{E040A1F6-A7F8-458B-8310-7C8071023023}.Debug|Any CPU.Build.0 = Debug|Any CPU
		{E040A1F6-A7F8-458B-8310-7C8071023023}.Release|Any CPU.ActiveCfg = Release|Any CPU
		{E040A1F6-A7F8-458B-8310-7C8071023023}.Release|Any CPU.Build.0 = Release|Any CPU
		{C696357A-2151-44F2-AA0B-3D023447A2FF}.Debug|Any CPU.ActiveCfg = Debug|Any CPU
		{C696357A-2151-44F2-AA0B-3D023447A2FF}.Debug|Any CPU.Build.0 = Debug|Any CPU
		{C696357A-2151-44F2-AA0B-3D023447A2FF}.Release|Any CPU.ActiveCfg = Release|Any CPU
		{C696357A-2151-44F2-AA0B-3D023447A2FF}.Release|Any CPU.Build.0 = Release|Any CPU
		{93E7609E-BE0B-4014-B4FF-3A7DF5CDAF4C}.Debug|Any CPU.ActiveCfg = Debug|Any CPU
		{93E7609E-BE0B-4014-B4FF-3A7DF5CDAF4C}.Debug|Any CPU.Build.0 = Debug|Any CPU
		{93E7609E-BE0B-4014-B4FF-3A7DF5CDAF4C}.Release|Any CPU.ActiveCfg = Release|Any CPU
		{93E7609E-BE0B-4014-B4FF-3A7DF5CDAF4C}.Release|Any CPU.Build.0 = Release|Any CPU
		{00BFA098-0B8C-44FD-AD9A-CB24086C8CBE}.Debug|Any CPU.ActiveCfg = Debug|Any CPU
		{00BFA098-0B8C-44FD-AD9A-CB24086C8CBE}.Debug|Any CPU.Build.0 = Debug|Any CPU
		{00BFA098-0B8C-44FD-AD9A-CB24086C8CBE}.Release|Any CPU.ActiveCfg = Release|Any CPU
		{00BFA098-0B8C-44FD-AD9A-CB24086C8CBE}.Release|Any CPU.Build.0 = Release|Any CPU
	EndGlobalSection
	GlobalSection(SolutionProperties) = preSolution
		HideSolutionNode = FALSE
	EndGlobalSection
	GlobalSection(ExtensibilityGlobals) = postSolution
		SolutionGuid = {5F0649B0-3B89-4E5A-8CCA-1797DD1CAFBF}
	EndGlobalSection
EndGlobal
